
Microsoft Visual Studio Solution File, Format Version 12.00
# Visual Studio Version 17
VisualStudioVersion = 17.4.33213.308
MinimumVisualStudioVersion = 10.0.40219.1
Project("{FAE04EC0-301F-11D3-BF4B-00C04F79EFBC}") = "ConsoleApp3", "ConsoleApp3\ConsoleApp3.csproj", "{56A282F0-0720-4489-B70E-DA1E39886669}"
EndProject
Global
	GlobalSection(SolutionConfigurationPlatforms) = preSolution
		Debug|Any CPU = Debug|Any CPU
		Release|Any CPU = Release|Any CPU
	EndGlobalSection
	GlobalSection(ProjectConfigurationPlatforms) = postSolution
		{56A282F0-0720-4489-B70E-DA1E39886669}.Debug|Any CPU.ActiveCfg = Debug|Any CPU
		{56A282F0-0720-4489-B70E-DA1E39886669}.Debug|Any CPU.Build.0 = Debug|Any CPU
		{56A282F0-0720-4489-B70E-DA1E39886669}.Release|Any CPU.ActiveCfg = Release|Any CPU
		{56A282F0-0720-4489-B70E-DA1E39886669}.Release|Any CPU.Build.0 = Release|Any CPU
	EndGlobalSection
	GlobalSection(SolutionProperties) = preSolution
		HideSolutionNode = FALSE
	EndGlobalSection
	GlobalSection(ExtensibilityGlobals) = postSolution
		SolutionGuid = {4E77C811-A1A6-4E1C-8D4A-B9281612F0C3}
	EndGlobalSection
EndGlobal
